// !$*UTF8*$!
{
	archiveVersion = 1;
	classes = {
	};
	objectVersion = 42;
	objects = {

/* Begin PBXBuildFile section */
		3D5F94380BA5BC9F0037BC78 /* ULIPaintView.h in Headers */ = {isa = PBXBuildFile; fileRef = 3DD149420552F8AA00000202 /* ULIPaintView.h */; };
		3D5F94390BA5BC9F0037BC78 /* ULIPaintTool.h in Headers */ = {isa = PBXBuildFile; fileRef = 3DD1494605531A9300000202 /* ULIPaintTool.h */; };
		3D5F943A0BA5BC9F0037BC78 /* ULIPaintFreehandTool.h in Headers */ = {isa = PBXBuildFile; fileRef = 3DD1494A05531FF800000202 /* ULIPaintFreehandTool.h */; };
		3D5F943B0BA5BC9F0037BC78 /* ULIPaintRectangleTool.h in Headers */ = {isa = PBXBuildFile; fileRef = 3DD1495705532B2900000202 /* ULIPaintRectangleTool.h */; };
		3D5F943C0BA5BC9F0037BC78 /* ULIPaintTextTool.h in Headers */ = {isa = PBXBuildFile; fileRef = 3D1DCC320553CE7500000202 /* ULIPaintTextTool.h */; };
		3D5F943D0BA5BC9F0037BC78 /* ULIPaintEraseRectTool.h in Headers */ = {isa = PBXBuildFile; fileRef = 3D3CB39F05567A6700000202 /* ULIPaintEraseRectTool.h */; };
		3D5F943E0BA5BC9F0037BC78 /* ULIPaintEraserTool.h in Headers */ = {isa = PBXBuildFile; fileRef = 3D3CB3A105567A6700000202 /* ULIPaintEraserTool.h */; };
		3D5F943F0BA5BC9F0037BC78 /* NSCursor+CrossHair.h in Headers */ = {isa = PBXBuildFile; fileRef = 3D3CB3A70556823100000202 /* NSCursor+CrossHair.h */; };
		3D5F94400BA5BC9F0037BC78 /* NSCursor+Box.h in Headers */ = {isa = PBXBuildFile; fileRef = 3D3CB3AC055686B400000202 /* NSCursor+Box.h */; };
		3D5F94410BA5BC9F0037BC78 /* UlisBresenham.h in Headers */ = {isa = PBXBuildFile; fileRef = 3D3CB3AF0556917600000202 /* UlisBresenham.h */; };
		3D5F94420BA5BC9F0037BC78 /* ULILineSizeView.h in Headers */ = {isa = PBXBuildFile; fileRef = 3D3CC14305570BF400000202 /* ULILineSizeView.h */; };
		3D5F94430BA5BC9F0037BC78 /* ULIPaintLineTool.h in Headers */ = {isa = PBXBuildFile; fileRef = 3DA9B23E055A941F00F486B9 /* ULIPaintLineTool.h */; };
		3D5F94450BA5BC9F0037BC78 /* MainMenu.nib in Resources */ = {isa = PBXBuildFile; fileRef = 29B97318FDCFA39411CA2CEA /* MainMenu.nib */; };
		3D5F94460BA5BC9F0037BC78 /* InfoPlist.strings in Resources */ = {isa = PBXBuildFile; fileRef = 089C165CFE840E0CC02AAC07 /* InfoPlist.strings */; };
		3D5F94470BA5BC9F0037BC78 /* UKPaintbrushTool.tiff in Resources */ = {isa = PBXBuildFile; fileRef = 3DC4520F0553447100000202 /* UKPaintbrushTool.tiff */; };
		3D5F94480BA5BC9F0037BC78 /* UKPaintRectTool.tiff in Resources */ = {isa = PBXBuildFile; fileRef = 3DC452100553447100000202 /* UKPaintRectTool.tiff */; };
		3D5F94490BA5BC9F0037BC78 /* UKPaintTextTool.tiff in Resources */ = {isa = PBXBuildFile; fileRef = 3D1DCC330553CE7500000202 /* UKPaintTextTool.tiff */; };
		3D5F944A0BA5BC9F0037BC78 /* UKPaintEraseRectTool.tiff in Resources */ = {isa = PBXBuildFile; fileRef = 3D3CB39B05567A1C00000202 /* UKPaintEraseRectTool.tiff */; };
		3D5F944B0BA5BC9F0037BC78 /* UKPaintEraserTool.tiff in Resources */ = {isa = PBXBuildFile; fileRef = 3D3CB39C05567A1C00000202 /* UKPaintEraserTool.tiff */; };
		3D5F944C0BA5BC9F0037BC78 /* UKPaintLineTool.tiff in Resources */ = {isa = PBXBuildFile; fileRef = 3D5F942F0BA5BBF40037BC78 /* UKPaintLineTool.tiff */; };
		3D5F944E0BA5BC9F0037BC78 /* main.m in Sources */ = {isa = PBXBuildFile; fileRef = 29B97316FDCFA39411CA2CEA /* main.m */; settings = {ATTRIBUTES = (); }; };
		3D5F944F0BA5BC9F0037BC78 /* ULIPaintView.m in Sources */ = {isa = PBXBuildFile; fileRef = 3DD149430552F8AA00000202 /* ULIPaintView.m */; };
		3D5F94500BA5BC9F0037BC78 /* ULIPaintTool.m in Sources */ = {isa = PBXBuildFile; fileRef = 3DD1494705531A9300000202 /* ULIPaintTool.m */; };
		3D5F94510BA5BC9F0037BC78 /* ULIPaintFreehandTool.m in Sources */ = {isa = PBXBuildFile; fileRef = 3DD1494B05531FF800000202 /* ULIPaintFreehandTool.m */; };
		3D5F94520BA5BC9F0037BC78 /* ULIPaintRectangleTool.m in Sources */ = {isa = PBXBuildFile; fileRef = 3DD1495805532B2900000202 /* ULIPaintRectangleTool.m */; };
		3D5F94530BA5BC9F0037BC78 /* ULIPaintTextTool.m in Sources */ = {isa = PBXBuildFile; fileRef = 3D1DCC340553CE7500000202 /* ULIPaintTextTool.m */; };
		3D5F94540BA5BC9F0037BC78 /* ULIPaintEraserTool.m in Sources */ = {isa = PBXBuildFile; fileRef = 3D3CB3A005567A6700000202 /* ULIPaintEraserTool.m */; };
		3D5F94550BA5BC9F0037BC78 /* ULIPaintEraseRectTool.m in Sources */ = {isa = PBXBuildFile; fileRef = 3D3CB3A205567A6700000202 /* ULIPaintEraseRectTool.m */; };
		3D5F94560BA5BC9F0037BC78 /* NSCursor+CrossHair.m in Sources */ = {isa = PBXBuildFile; fileRef = 3D3CB3A80556823100000202 /* NSCursor+CrossHair.m */; };
		3D5F94570BA5BC9F0037BC78 /* NSCursor+Box.m in Sources */ = {isa = PBXBuildFile; fileRef = 3D3CB3AB055686B400000202 /* NSCursor+Box.m */; };
		3D5F94580BA5BC9F0037BC78 /* UlisBresenham.c in Sources */ = {isa = PBXBuildFile; fileRef = 3D3CB3B10556917F00000202 /* UlisBresenham.c */; };
		3D5F94590BA5BC9F0037BC78 /* ULILineSizeView.m in Sources */ = {isa = PBXBuildFile; fileRef = 3D3CC14405570BF400000202 /* ULILineSizeView.m */; };
		3D5F945A0BA5BC9F0037BC78 /* ULIPaintLineTool.m in Sources */ = {isa = PBXBuildFile; fileRef = 3DA9B23F055A941F00F486B9 /* ULIPaintLineTool.m */; };
		3D5F945C0BA5BC9F0037BC78 /* Cocoa.framework in Frameworks */ = {isa = PBXBuildFile; fileRef = 1058C7A1FEA54F0111CA2CBB /* Cocoa.framework */; };
		3D910C970BAF62320039C0AD /* ULIPaintPathTool.m in Sources */ = {isa = PBXBuildFile; fileRef = 3D910C950BAF62320039C0AD /* ULIPaintPathTool.m */; };
		3D910C980BAF62320039C0AD /* ULIPaintPathTool.h in Headers */ = {isa = PBXBuildFile; fileRef = 3D910C960BAF62320039C0AD /* ULIPaintPathTool.h */; };
		3D910C9A0BAF62430039C0AD /* UKPaintPathTool.tiff in Resources */ = {isa = PBXBuildFile; fileRef = 3D910C990BAF62430039C0AD /* UKPaintPathTool.tiff */; };
		3D910D1B0BAF67390039C0AD /* ULIPaintSelectionLassoTool.m in Sources */ = {isa = PBXBuildFile; fileRef = 3D910D190BAF67390039C0AD /* ULIPaintSelectionLassoTool.m */; };
		3D910D1C0BAF67390039C0AD /* ULIPaintSelectionLassoTool.h in Headers */ = {isa = PBXBuildFile; fileRef = 3D910D1A0BAF67390039C0AD /* ULIPaintSelectionLassoTool.h */; };
		3D910D1E0BAF673F0039C0AD /* UKPaintLassoTool.tiff in Resources */ = {isa = PBXBuildFile; fileRef = 3D910D1D0BAF673F0039C0AD /* UKPaintLassoTool.tiff */; };
		3D910DBC0BAF70F70039C0AD /* TODO.txt in Resources */ = {isa = PBXBuildFile; fileRef = 3D910DBB0BAF70F70039C0AD /* TODO.txt */; };
		3DD4B9000BAB598C0066C1AE /* UKPaintSelectTool.tiff in Resources */ = {isa = PBXBuildFile; fileRef = 3DD4B8FF0BAB598C0066C1AE /* UKPaintSelectTool.tiff */; };
		3DD4B9030BAB599C0066C1AE /* ULIPaintSelectionRectangleTool.h in Headers */ = {isa = PBXBuildFile; fileRef = 3DD4B9010BAB599C0066C1AE /* ULIPaintSelectionRectangleTool.h */; };
		3DD4B9040BAB599C0066C1AE /* ULIPaintSelectionRectangleTool.m in Sources */ = {isa = PBXBuildFile; fileRef = 3DD4B9020BAB599C0066C1AE /* ULIPaintSelectionRectangleTool.m */; };
		3DD4BDB40BAC02FF0066C1AE /* UKFloatingWindow.h in Headers */ = {isa = PBXBuildFile; fileRef = 3DD4BDB20BAC02FF0066C1AE /* UKFloatingWindow.h */; };
		3DD4BDB50BAC02FF0066C1AE /* UKFloatingWindow.m in Sources */ = {isa = PBXBuildFile; fileRef = 3DD4BDB30BAC02FF0066C1AE /* UKFloatingWindow.m */; };
		3DF9B8040BA5C133001A72D2 /* ULIPaintRoundedRectangleTool.m in Sources */ = {isa = PBXBuildFile; fileRef = 3DF9B8020BA5C133001A72D2 /* ULIPaintRoundedRectangleTool.m */; };
		3DF9B8050BA5C133001A72D2 /* ULIPaintRoundedRectangleTool.h in Headers */ = {isa = PBXBuildFile; fileRef = 3DF9B8030BA5C133001A72D2 /* ULIPaintRoundedRectangleTool.h */; };
		3DF9B80A0BA5C1A9001A72D2 /* ULIPaintOvalTool.m in Sources */ = {isa = PBXBuildFile; fileRef = 3DF9B8080BA5C1A9001A72D2 /* ULIPaintOvalTool.m */; };
		3DF9B80B0BA5C1A9001A72D2 /* ULIPaintOvalTool.h in Headers */ = {isa = PBXBuildFile; fileRef = 3DF9B8090BA5C1A9001A72D2 /* ULIPaintOvalTool.h */; };
		3DF9B80E0BA5C1F4001A72D2 /* UKPaintOvalTool.tiff in Resources */ = {isa = PBXBuildFile; fileRef = 3DF9B80C0BA5C1F4001A72D2 /* UKPaintOvalTool.tiff */; };
		3DF9B80F0BA5C1F4001A72D2 /* UKPaintRoundrectTool.tiff in Resources */ = {isa = PBXBuildFile; fileRef = 3DF9B80D0BA5C1F4001A72D2 /* UKPaintRoundrectTool.tiff */; };
		3DF9B8150BA5C25C001A72D2 /* UKPaintTempArrowTool.tiff in Resources */ = {isa = PBXBuildFile; fileRef = 3DF9B8100BA5C25C001A72D2 /* UKPaintTempArrowTool.tiff */; };
		3DF9B8160BA5C25C001A72D2 /* UKPaintTempLineTool.tiff in Resources */ = {isa = PBXBuildFile; fileRef = 3DF9B8110BA5C25C001A72D2 /* UKPaintTempLineTool.tiff */; };
		3DF9B8170BA5C25C001A72D2 /* UKPaintTempOvalTool.tiff in Resources */ = {isa = PBXBuildFile; fileRef = 3DF9B8120BA5C25C001A72D2 /* UKPaintTempOvalTool.tiff */; };
		3DF9B8180BA5C25C001A72D2 /* UKPaintTempRectTool.tiff in Resources */ = {isa = PBXBuildFile; fileRef = 3DF9B8130BA5C25C001A72D2 /* UKPaintTempRectTool.tiff */; };
		3DF9B8190BA5C25C001A72D2 /* UKPaintTempRoundrectTool.tiff in Resources */ = {isa = PBXBuildFile; fileRef = 3DF9B8140BA5C25C001A72D2 /* UKPaintTempRoundrectTool.tiff */; };
		3DF9B8240BA5C2BC001A72D2 /* ULIPaintTempRoundrectTool.m in Sources */ = {isa = PBXBuildFile; fileRef = 3DF9B81A0BA5C2BC001A72D2 /* ULIPaintTempRoundrectTool.m */; };
		3DF9B8250BA5C2BC001A72D2 /* ULIPaintTempRectangleTool.h in Headers */ = {isa = PBXBuildFile; fileRef = 3DF9B81B0BA5C2BC001A72D2 /* ULIPaintTempRectangleTool.h */; };
		3DF9B8260BA5C2BC001A72D2 /* ULIPaintTempRectangleTool.m in Sources */ = {isa = PBXBuildFile; fileRef = 3DF9B81C0BA5C2BC001A72D2 /* ULIPaintTempRectangleTool.m */; };
		3DF9B8270BA5C2BC001A72D2 /* ULIPaintTempRoundrectTool.h in Headers */ = {isa = PBXBuildFile; fileRef = 3DF9B81D0BA5C2BC001A72D2 /* ULIPaintTempRoundrectTool.h */; };
		3DF9B8280BA5C2BC001A72D2 /* ULIPaintTempOvalTool.h in Headers */ = {isa = PBXBuildFile; fileRef = 3DF9B81E0BA5C2BC001A72D2 /* ULIPaintTempOvalTool.h */; };
		3DF9B8290BA5C2BC001A72D2 /* ULIPaintTempOvalTool.m in Sources */ = {isa = PBXBuildFile; fileRef = 3DF9B81F0BA5C2BC001A72D2 /* ULIPaintTempOvalTool.m */; };
		3DF9B82A0BA5C2BC001A72D2 /* ULIPaintTempLineTool.h in Headers */ = {isa = PBXBuildFile; fileRef = 3DF9B8200BA5C2BC001A72D2 /* ULIPaintTempLineTool.h */; };
		3DF9B82B0BA5C2BC001A72D2 /* ULIPaintTempLineTool.m in Sources */ = {isa = PBXBuildFile; fileRef = 3DF9B8210BA5C2BC001A72D2 /* ULIPaintTempLineTool.m */; };
		3DF9B82C0BA5C2BC001A72D2 /* ULIPaintTempArrowTool.h in Headers */ = {isa = PBXBuildFile; fileRef = 3DF9B8220BA5C2BC001A72D2 /* ULIPaintTempArrowTool.h */; };
		3DF9B82D0BA5C2BC001A72D2 /* ULIPaintTempArrowTool.m in Sources */ = {isa = PBXBuildFile; fileRef = 3DF9B8230BA5C2BC001A72D2 /* ULIPaintTempArrowTool.m */; };
		3DF9B8380BA5C4B4001A72D2 /* NSBezierPath+RoundRect.h in Headers */ = {isa = PBXBuildFile; fileRef = 3DF9B8360BA5C4B4001A72D2 /* NSBezierPath+RoundRect.h */; };
		3DF9B8390BA5C4B4001A72D2 /* NSBezierPath+RoundRect.m in Sources */ = {isa = PBXBuildFile; fileRef = 3DF9B8370BA5C4B4001A72D2 /* NSBezierPath+RoundRect.m */; };
		55039F74136C9EDB0082E32E /* ULIPaintShapeTool.h in Headers */ = {isa = PBXBuildFile; fileRef = 55039F72136C9ECF0082E32E /* ULIPaintShapeTool.h */; };
		55039F75136C9EDB0082E32E /* ULIPaintShapeTool.m in Sources */ = {isa = PBXBuildFile; fileRef = 55039F73136C9ED30082E32E /* ULIPaintShapeTool.m */; };
		55039F78136C9EEB0082E32E /* ULIPaintBrushTool.h in Headers */ = {isa = PBXBuildFile; fileRef = 55039F76136C9EE30082E32E /* ULIPaintBrushTool.h */; };
		55039F79136C9EEB0082E32E /* ULIPaintBrushTool.m in Sources */ = {isa = PBXBuildFile; fileRef = 55039F77136C9EE70082E32E /* ULIPaintBrushTool.m */; };
		55039F7C136CA4330082E32E /* NSBezierPath+ULIRegularPolygon.h in Headers */ = {isa = PBXBuildFile; fileRef = 55039F7A136CA42A0082E32E /* NSBezierPath+ULIRegularPolygon.h */; };
		55039F7D136CA4330082E32E /* NSBezierPath+ULIRegularPolygon.m in Sources */ = {isa = PBXBuildFile; fileRef = 55039F7B136CA42F0082E32E /* NSBezierPath+ULIRegularPolygon.m */; };
		55039F7F136CA6150082E32E /* UKPaintShapeTool.tiff in Resources */ = {isa = PBXBuildFile; fileRef = 55039F7E136CA6150082E32E /* UKPaintShapeTool.tiff */; };
		55039F81136CC84B0082E32E /* brush01.tiff in Resources */ = {isa = PBXBuildFile; fileRef = 55039F80136CC84A0082E32E /* brush01.tiff */; };
/* End PBXBuildFile section */

/* Begin PBXFileReference section */
		089C165DFE840E0CC02AAC07 /* English */ = {isa = PBXFileReference; fileEncoding = 10; lastKnownFileType = text.plist.strings; name = English; path = English.lproj/InfoPlist.strings; sourceTree = "<group>"; };
		1058C7A1FEA54F0111CA2CBB /* Cocoa.framework */ = {isa = PBXFileReference; lastKnownFileType = wrapper.framework; name = Cocoa.framework; path = /System/Library/Frameworks/Cocoa.framework; sourceTree = "<absolute>"; };
		29B97316FDCFA39411CA2CEA /* main.m */ = {isa = PBXFileReference; fileEncoding = 30; lastKnownFileType = sourcecode.c.objc; path = main.m; sourceTree = "<group>"; };
		29B97319FDCFA39411CA2CEA /* English */ = {isa = PBXFileReference; lastKnownFileType = wrapper.nib; name = English; path = English.lproj/MainMenu.nib; sourceTree = "<group>"; };
		29B97324FDCFA39411CA2CEA /* AppKit.framework */ = {isa = PBXFileReference; lastKnownFileType = wrapper.framework; name = AppKit.framework; path = /System/Library/Frameworks/AppKit.framework; sourceTree = "<absolute>"; };
		29B97325FDCFA39411CA2CEA /* Foundation.framework */ = {isa = PBXFileReference; lastKnownFileType = wrapper.framework; name = Foundation.framework; path = /System/Library/Frameworks/Foundation.framework; sourceTree = "<absolute>"; };
		3D1DCC320553CE7500000202 /* ULIPaintTextTool.h */ = {isa = PBXFileReference; fileEncoding = 30; lastKnownFileType = sourcecode.c.h; path = ULIPaintTextTool.h; sourceTree = "<group>"; };
		3D1DCC330553CE7500000202 /* UKPaintTextTool.tiff */ = {isa = PBXFileReference; lastKnownFileType = image.tiff; path = UKPaintTextTool.tiff; sourceTree = "<group>"; };
		3D1DCC340553CE7500000202 /* ULIPaintTextTool.m */ = {isa = PBXFileReference; fileEncoding = 30; lastKnownFileType = sourcecode.c.objc; path = ULIPaintTextTool.m; sourceTree = "<group>"; };
		3D3CB39B05567A1C00000202 /* UKPaintEraseRectTool.tiff */ = {isa = PBXFileReference; lastKnownFileType = image.tiff; path = UKPaintEraseRectTool.tiff; sourceTree = "<group>"; };
		3D3CB39C05567A1C00000202 /* UKPaintEraserTool.tiff */ = {isa = PBXFileReference; lastKnownFileType = image.tiff; path = UKPaintEraserTool.tiff; sourceTree = "<group>"; };
		3D3CB39F05567A6700000202 /* ULIPaintEraseRectTool.h */ = {isa = PBXFileReference; fileEncoding = 30; lastKnownFileType = sourcecode.c.h; path = ULIPaintEraseRectTool.h; sourceTree = "<group>"; };
		3D3CB3A005567A6700000202 /* ULIPaintEraserTool.m */ = {isa = PBXFileReference; fileEncoding = 30; lastKnownFileType = sourcecode.c.objc; path = ULIPaintEraserTool.m; sourceTree = "<group>"; };
		3D3CB3A105567A6700000202 /* ULIPaintEraserTool.h */ = {isa = PBXFileReference; fileEncoding = 30; lastKnownFileType = sourcecode.c.h; path = ULIPaintEraserTool.h; sourceTree = "<group>"; };
		3D3CB3A205567A6700000202 /* ULIPaintEraseRectTool.m */ = {isa = PBXFileReference; fileEncoding = 30; lastKnownFileType = sourcecode.c.objc; path = ULIPaintEraseRectTool.m; sourceTree = "<group>"; };
		3D3CB3A70556823100000202 /* NSCursor+CrossHair.h */ = {isa = PBXFileReference; fileEncoding = 4; lastKnownFileType = sourcecode.c.h; path = "NSCursor+CrossHair.h"; sourceTree = "<group>"; };
		3D3CB3A80556823100000202 /* NSCursor+CrossHair.m */ = {isa = PBXFileReference; fileEncoding = 4; lastKnownFileType = sourcecode.c.objc; path = "NSCursor+CrossHair.m"; sourceTree = "<group>"; };
		3D3CB3AB055686B400000202 /* NSCursor+Box.m */ = {isa = PBXFileReference; fileEncoding = 30; lastKnownFileType = sourcecode.c.objc; path = "NSCursor+Box.m"; sourceTree = "<group>"; };
		3D3CB3AC055686B400000202 /* NSCursor+Box.h */ = {isa = PBXFileReference; fileEncoding = 30; lastKnownFileType = sourcecode.c.h; path = "NSCursor+Box.h"; sourceTree = "<group>"; };
		3D3CB3AF0556917600000202 /* UlisBresenham.h */ = {isa = PBXFileReference; fileEncoding = 30; lastKnownFileType = sourcecode.c.h; path = UlisBresenham.h; sourceTree = "<group>"; };
		3D3CB3B10556917F00000202 /* UlisBresenham.c */ = {isa = PBXFileReference; fileEncoding = 30; lastKnownFileType = sourcecode.c.c; path = UlisBresenham.c; sourceTree = "<group>"; };
		3D3CC14305570BF400000202 /* ULILineSizeView.h */ = {isa = PBXFileReference; fileEncoding = 4; lastKnownFileType = sourcecode.c.h; path = ULILineSizeView.h; sourceTree = "<group>"; };
		3D3CC14405570BF400000202 /* ULILineSizeView.m */ = {isa = PBXFileReference; fileEncoding = 4; lastKnownFileType = sourcecode.c.objc; path = ULILineSizeView.m; sourceTree = "<group>"; };
		3D5F942F0BA5BBF40037BC78 /* UKPaintLineTool.tiff */ = {isa = PBXFileReference; lastKnownFileType = image.tiff; path = UKPaintLineTool.tiff; sourceTree = "<group>"; };
		3D5F94610BA5BC9F0037BC78 /* Info-UKPaintView.plist */ = {isa = PBXFileReference; lastKnownFileType = text.plist.xml; path = "Info-UKPaintView.plist"; sourceTree = "<group>"; };
		3D5F94620BA5BC9F0037BC78 /* UKPaintView.app */ = {isa = PBXFileReference; explicitFileType = wrapper.application; includeInIndex = 0; path = UKPaintView.app; sourceTree = BUILT_PRODUCTS_DIR; };
		3D910C950BAF62320039C0AD /* ULIPaintPathTool.m */ = {isa = PBXFileReference; fileEncoding = 30; lastKnownFileType = sourcecode.c.objc; path = ULIPaintPathTool.m; sourceTree = "<group>"; };
		3D910C960BAF62320039C0AD /* ULIPaintPathTool.h */ = {isa = PBXFileReference; fileEncoding = 30; lastKnownFileType = sourcecode.c.h; path = ULIPaintPathTool.h; sourceTree = "<group>"; };
		3D910C990BAF62430039C0AD /* UKPaintPathTool.tiff */ = {isa = PBXFileReference; lastKnownFileType = image.tiff; path = UKPaintPathTool.tiff; sourceTree = "<group>"; };
		3D910D190BAF67390039C0AD /* ULIPaintSelectionLassoTool.m */ = {isa = PBXFileReference; fileEncoding = 30; lastKnownFileType = sourcecode.c.objc; path = ULIPaintSelectionLassoTool.m; sourceTree = "<group>"; };
		3D910D1A0BAF67390039C0AD /* ULIPaintSelectionLassoTool.h */ = {isa = PBXFileReference; fileEncoding = 30; lastKnownFileType = sourcecode.c.h; path = ULIPaintSelectionLassoTool.h; sourceTree = "<group>"; };
		3D910D1D0BAF673F0039C0AD /* UKPaintLassoTool.tiff */ = {isa = PBXFileReference; lastKnownFileType = image.tiff; path = UKPaintLassoTool.tiff; sourceTree = "<group>"; };
		3D910DBB0BAF70F70039C0AD /* TODO.txt */ = {isa = PBXFileReference; fileEncoding = 4; lastKnownFileType = text; path = TODO.txt; sourceTree = "<group>"; };
		3DA9B23E055A941F00F486B9 /* ULIPaintLineTool.h */ = {isa = PBXFileReference; fileEncoding = 30; lastKnownFileType = sourcecode.c.h; path = ULIPaintLineTool.h; sourceTree = "<group>"; };
		3DA9B23F055A941F00F486B9 /* ULIPaintLineTool.m */ = {isa = PBXFileReference; fileEncoding = 30; lastKnownFileType = sourcecode.c.objc; path = ULIPaintLineTool.m; sourceTree = "<group>"; };
		3DC4520F0553447100000202 /* UKPaintbrushTool.tiff */ = {isa = PBXFileReference; lastKnownFileType = image.tiff; path = UKPaintbrushTool.tiff; sourceTree = "<group>"; };
		3DC452100553447100000202 /* UKPaintRectTool.tiff */ = {isa = PBXFileReference; lastKnownFileType = image.tiff; path = UKPaintRectTool.tiff; sourceTree = "<group>"; };
		3DCA62F20BB36F180015B87E /* TODO.txt */ = {isa = PBXFileReference; fileEncoding = 30; lastKnownFileType = text; path = TODO.txt; sourceTree = "<group>"; };
		3DD149420552F8AA00000202 /* ULIPaintView.h */ = {isa = PBXFileReference; fileEncoding = 4; lastKnownFileType = sourcecode.c.h; path = ULIPaintView.h; sourceTree = "<group>"; };
		3DD149430552F8AA00000202 /* ULIPaintView.m */ = {isa = PBXFileReference; fileEncoding = 4; lastKnownFileType = sourcecode.c.objc; path = ULIPaintView.m; sourceTree = "<group>"; };
		3DD1494605531A9300000202 /* ULIPaintTool.h */ = {isa = PBXFileReference; fileEncoding = 4; lastKnownFileType = sourcecode.c.h; path = ULIPaintTool.h; sourceTree = "<group>"; };
		3DD1494705531A9300000202 /* ULIPaintTool.m */ = {isa = PBXFileReference; fileEncoding = 4; lastKnownFileType = sourcecode.c.objc; path = ULIPaintTool.m; sourceTree = "<group>"; };
		3DD1494A05531FF800000202 /* ULIPaintFreehandTool.h */ = {isa = PBXFileReference; fileEncoding = 4; lastKnownFileType = sourcecode.c.h; path = ULIPaintFreehandTool.h; sourceTree = "<group>"; };
		3DD1494B05531FF800000202 /* ULIPaintFreehandTool.m */ = {isa = PBXFileReference; fileEncoding = 4; lastKnownFileType = sourcecode.c.objc; path = ULIPaintFreehandTool.m; sourceTree = "<group>"; };
		3DD1495705532B2900000202 /* ULIPaintRectangleTool.h */ = {isa = PBXFileReference; fileEncoding = 4; lastKnownFileType = sourcecode.c.h; path = ULIPaintRectangleTool.h; sourceTree = "<group>"; };
		3DD1495805532B2900000202 /* ULIPaintRectangleTool.m */ = {isa = PBXFileReference; fileEncoding = 4; lastKnownFileType = sourcecode.c.objc; path = ULIPaintRectangleTool.m; sourceTree = "<group>"; };
		3DD4B8FF0BAB598C0066C1AE /* UKPaintSelectTool.tiff */ = {isa = PBXFileReference; lastKnownFileType = image.tiff; path = UKPaintSelectTool.tiff; sourceTree = "<group>"; };
		3DD4B9010BAB599C0066C1AE /* ULIPaintSelectionRectangleTool.h */ = {isa = PBXFileReference; fileEncoding = 30; lastKnownFileType = sourcecode.c.h; path = ULIPaintSelectionRectangleTool.h; sourceTree = "<group>"; };
		3DD4B9020BAB599C0066C1AE /* ULIPaintSelectionRectangleTool.m */ = {isa = PBXFileReference; fileEncoding = 30; lastKnownFileType = sourcecode.c.objc; path = ULIPaintSelectionRectangleTool.m; sourceTree = "<group>"; };
		3DD4BDB20BAC02FF0066C1AE /* UKFloatingWindow.h */ = {isa = PBXFileReference; fileEncoding = 30; lastKnownFileType = sourcecode.c.h; name = UKFloatingWindow.h; path = ../UliKit/UKFloatingWindow.h; sourceTree = "<group>"; };
		3DD4BDB30BAC02FF0066C1AE /* UKFloatingWindow.m */ = {isa = PBXFileReference; fileEncoding = 30; lastKnownFileType = sourcecode.c.objc; name = UKFloatingWindow.m; path = ../UliKit/UKFloatingWindow.m; sourceTree = "<group>"; };
		3DF9B8020BA5C133001A72D2 /* ULIPaintRoundedRectangleTool.m */ = {isa = PBXFileReference; fileEncoding = 30; lastKnownFileType = sourcecode.c.objc; path = ULIPaintRoundedRectangleTool.m; sourceTree = "<group>"; };
		3DF9B8030BA5C133001A72D2 /* ULIPaintRoundedRectangleTool.h */ = {isa = PBXFileReference; fileEncoding = 30; lastKnownFileType = sourcecode.c.h; path = ULIPaintRoundedRectangleTool.h; sourceTree = "<group>"; };
		3DF9B8080BA5C1A9001A72D2 /* ULIPaintOvalTool.m */ = {isa = PBXFileReference; fileEncoding = 30; lastKnownFileType = sourcecode.c.objc; path = ULIPaintOvalTool.m; sourceTree = "<group>"; };
		3DF9B8090BA5C1A9001A72D2 /* ULIPaintOvalTool.h */ = {isa = PBXFileReference; fileEncoding = 30; lastKnownFileType = sourcecode.c.h; path = ULIPaintOvalTool.h; sourceTree = "<group>"; };
		3DF9B80C0BA5C1F4001A72D2 /* UKPaintOvalTool.tiff */ = {isa = PBXFileReference; lastKnownFileType = image.tiff; path = UKPaintOvalTool.tiff; sourceTree = "<group>"; };
		3DF9B80D0BA5C1F4001A72D2 /* UKPaintRoundrectTool.tiff */ = {isa = PBXFileReference; lastKnownFileType = image.tiff; path = UKPaintRoundrectTool.tiff; sourceTree = "<group>"; };
		3DF9B8100BA5C25C001A72D2 /* UKPaintTempArrowTool.tiff */ = {isa = PBXFileReference; lastKnownFileType = image.tiff; path = UKPaintTempArrowTool.tiff; sourceTree = "<group>"; };
		3DF9B8110BA5C25C001A72D2 /* UKPaintTempLineTool.tiff */ = {isa = PBXFileReference; lastKnownFileType = image.tiff; path = UKPaintTempLineTool.tiff; sourceTree = "<group>"; };
		3DF9B8120BA5C25C001A72D2 /* UKPaintTempOvalTool.tiff */ = {isa = PBXFileReference; lastKnownFileType = image.tiff; path = UKPaintTempOvalTool.tiff; sourceTree = "<group>"; };
		3DF9B8130BA5C25C001A72D2 /* UKPaintTempRectTool.tiff */ = {isa = PBXFileReference; lastKnownFileType = image.tiff; path = UKPaintTempRectTool.tiff; sourceTree = "<group>"; };
		3DF9B8140BA5C25C001A72D2 /* UKPaintTempRoundrectTool.tiff */ = {isa = PBXFileReference; lastKnownFileType = image.tiff; path = UKPaintTempRoundrectTool.tiff; sourceTree = "<group>"; };
		3DF9B81A0BA5C2BC001A72D2 /* ULIPaintTempRoundrectTool.m */ = {isa = PBXFileReference; fileEncoding = 30; lastKnownFileType = sourcecode.c.objc; path = ULIPaintTempRoundrectTool.m; sourceTree = "<group>"; };
		3DF9B81B0BA5C2BC001A72D2 /* ULIPaintTempRectangleTool.h */ = {isa = PBXFileReference; fileEncoding = 30; lastKnownFileType = sourcecode.c.h; path = ULIPaintTempRectangleTool.h; sourceTree = "<group>"; };
		3DF9B81C0BA5C2BC001A72D2 /* ULIPaintTempRectangleTool.m */ = {isa = PBXFileReference; fileEncoding = 30; lastKnownFileType = sourcecode.c.objc; path = ULIPaintTempRectangleTool.m; sourceTree = "<group>"; };
		3DF9B81D0BA5C2BC001A72D2 /* ULIPaintTempRoundrectTool.h */ = {isa = PBXFileReference; fileEncoding = 30; lastKnownFileType = sourcecode.c.h; path = ULIPaintTempRoundrectTool.h; sourceTree = "<group>"; };
		3DF9B81E0BA5C2BC001A72D2 /* ULIPaintTempOvalTool.h */ = {isa = PBXFileReference; fileEncoding = 30; lastKnownFileType = sourcecode.c.h; path = ULIPaintTempOvalTool.h; sourceTree = "<group>"; };
		3DF9B81F0BA5C2BC001A72D2 /* ULIPaintTempOvalTool.m */ = {isa = PBXFileReference; fileEncoding = 30; lastKnownFileType = sourcecode.c.objc; path = ULIPaintTempOvalTool.m; sourceTree = "<group>"; };
		3DF9B8200BA5C2BC001A72D2 /* ULIPaintTempLineTool.h */ = {isa = PBXFileReference; fileEncoding = 30; lastKnownFileType = sourcecode.c.h; path = ULIPaintTempLineTool.h; sourceTree = "<group>"; };
		3DF9B8210BA5C2BC001A72D2 /* ULIPaintTempLineTool.m */ = {isa = PBXFileReference; fileEncoding = 30; lastKnownFileType = sourcecode.c.objc; path = ULIPaintTempLineTool.m; sourceTree = "<group>"; };
		3DF9B8220BA5C2BC001A72D2 /* ULIPaintTempArrowTool.h */ = {isa = PBXFileReference; fileEncoding = 30; lastKnownFileType = sourcecode.c.h; path = ULIPaintTempArrowTool.h; sourceTree = "<group>"; };
		3DF9B8230BA5C2BC001A72D2 /* ULIPaintTempArrowTool.m */ = {isa = PBXFileReference; fileEncoding = 30; lastKnownFileType = sourcecode.c.objc; path = ULIPaintTempArrowTool.m; sourceTree = "<group>"; };
		3DF9B8360BA5C4B4001A72D2 /* NSBezierPath+RoundRect.h */ = {isa = PBXFileReference; fileEncoding = 30; lastKnownFileType = sourcecode.c.h; name = "NSBezierPath+RoundRect.h"; path = "../UliKit/NSBezierPath+RoundRect.h"; sourceTree = SOURCE_ROOT; };
		3DF9B8370BA5C4B4001A72D2 /* NSBezierPath+RoundRect.m */ = {isa = PBXFileReference; fileEncoding = 30; lastKnownFileType = sourcecode.c.objc; name = "NSBezierPath+RoundRect.m"; path = "../UliKit/NSBezierPath+RoundRect.m"; sourceTree = SOURCE_ROOT; };
		55039F72136C9ECF0082E32E /* ULIPaintShapeTool.h */ = {isa = PBXFileReference; fileEncoding = 4; lastKnownFileType = sourcecode.c.h; path = ULIPaintShapeTool.h; sourceTree = "<group>"; };
		55039F73136C9ED30082E32E /* ULIPaintShapeTool.m */ = {isa = PBXFileReference; fileEncoding = 4; lastKnownFileType = sourcecode.c.objc; path = ULIPaintShapeTool.m; sourceTree = "<group>"; };
		55039F76136C9EE30082E32E /* ULIPaintBrushTool.h */ = {isa = PBXFileReference; fileEncoding = 4; lastKnownFileType = sourcecode.c.h; path = ULIPaintBrushTool.h; sourceTree = "<group>"; };
		55039F77136C9EE70082E32E /* ULIPaintBrushTool.m */ = {isa = PBXFileReference; fileEncoding = 4; lastKnownFileType = sourcecode.c.objc; path = ULIPaintBrushTool.m; sourceTree = "<group>"; };
		55039F7A136CA42A0082E32E /* NSBezierPath+ULIRegularPolygon.h */ = {isa = PBXFileReference; fileEncoding = 4; lastKnownFileType = sourcecode.c.h; name = "NSBezierPath+ULIRegularPolygon.h"; path = "../UliKit/NSBezierPath+ULIRegularPolygon.h"; sourceTree = "<group>"; };
		55039F7B136CA42F0082E32E /* NSBezierPath+ULIRegularPolygon.m */ = {isa = PBXFileReference; fileEncoding = 4; lastKnownFileType = sourcecode.c.objc; name = "NSBezierPath+ULIRegularPolygon.m"; path = "../UliKit/NSBezierPath+ULIRegularPolygon.m"; sourceTree = "<group>"; };
		55039F7E136CA6150082E32E /* UKPaintShapeTool.tiff */ = {isa = PBXFileReference; lastKnownFileType = image.tiff; path = UKPaintShapeTool.tiff; sourceTree = "<group>"; };
		55039F80136CC84A0082E32E /* brush01.tiff */ = {isa = PBXFileReference; lastKnownFileType = image.tiff; path = brush01.tiff; sourceTree = "<group>"; };
/* End PBXFileReference section */

/* Begin PBXFrameworksBuildPhase section */
		3D5F945B0BA5BC9F0037BC78 /* Frameworks */ = {
			isa = PBXFrameworksBuildPhase;
			buildActionMask = 2147483647;
			files = (
				3D5F945C0BA5BC9F0037BC78 /* Cocoa.framework in Frameworks */,
			);
			runOnlyForDeploymentPostprocessing = 0;
		};
/* End PBXFrameworksBuildPhase section */

/* Begin PBXGroup section */
		080E96DDFE201D6D7F000001 /* Classes */ = {
			isa = PBXGroup;
			children = (
				3DD149420552F8AA00000202 /* ULIPaintView.h */,
				3DD149430552F8AA00000202 /* ULIPaintView.m */,
				3DD1494605531A9300000202 /* ULIPaintTool.h */,
				3DD1494705531A9300000202 /* ULIPaintTool.m */,
				3D3CC14305570BF400000202 /* ULILineSizeView.h */,
				3D3CC14405570BF400000202 /* ULILineSizeView.m */,
				3DD1494E0553201D00000202 /* Tools */,
				3DD4BDF40BAC04630066C1AE /* UliKit */,
			);
			name = Classes;
			sourceTree = "<group>";
		};
		1058C7A0FEA54F0111CA2CBB /* Linked Frameworks */ = {
			isa = PBXGroup;
			children = (
				1058C7A1FEA54F0111CA2CBB /* Cocoa.framework */,
			);
			name = "Linked Frameworks";
			sourceTree = "<group>";
		};
		1058C7A2FEA54F0111CA2CBB /* Other Frameworks */ = {
			isa = PBXGroup;
			children = (
				29B97325FDCFA39411CA2CEA /* Foundation.framework */,
				29B97324FDCFA39411CA2CEA /* AppKit.framework */,
			);
			name = "Other Frameworks";
			sourceTree = "<group>";
		};
		19C28FACFE9D520D11CA2CBB /* Products */ = {
			isa = PBXGroup;
			children = (
				3D5F94620BA5BC9F0037BC78 /* UKPaintView.app */,
			);
			name = Products;
			sourceTree = "<group>";
		};
		29B97314FDCFA39411CA2CEA /* UKPaintView */ = {
			isa = PBXGroup;
			children = (
				3DCA62F20BB36F180015B87E /* TODO.txt */,
				080E96DDFE201D6D7F000001 /* Classes */,
				29B97315FDCFA39411CA2CEA /* Other Sources */,
				29B97317FDCFA39411CA2CEA /* Resources */,
				29B97323FDCFA39411CA2CEA /* Frameworks */,
				19C28FACFE9D520D11CA2CBB /* Products */,
				3D5F94610BA5BC9F0037BC78 /* Info-UKPaintView.plist */,
				3D910DBB0BAF70F70039C0AD /* TODO.txt */,
			);
			name = UKPaintView;
			sourceTree = "<group>";
		};
		29B97315FDCFA39411CA2CEA /* Other Sources */ = {
			isa = PBXGroup;
			children = (
				3D3CB3A70556823100000202 /* NSCursor+CrossHair.h */,
				3D3CB3A80556823100000202 /* NSCursor+CrossHair.m */,
				3D3CB3AC055686B400000202 /* NSCursor+Box.h */,
				3D3CB3AB055686B400000202 /* NSCursor+Box.m */,
				3DF9B8360BA5C4B4001A72D2 /* NSBezierPath+RoundRect.h */,
				3DF9B8370BA5C4B4001A72D2 /* NSBezierPath+RoundRect.m */,
				3D3CB3AF0556917600000202 /* UlisBresenham.h */,
				3D3CB3B10556917F00000202 /* UlisBresenham.c */,
				29B97316FDCFA39411CA2CEA /* main.m */,
			);
			name = "Other Sources";
			sourceTree = "<group>";
		};
		29B97317FDCFA39411CA2CEA /* Resources */ = {
			isa = PBXGroup;
			children = (
				29B97318FDCFA39411CA2CEA /* MainMenu.nib */,
				089C165CFE840E0CC02AAC07 /* InfoPlist.strings */,
				3DC4520F0553447100000202 /* UKPaintbrushTool.tiff */,
				3DC452100553447100000202 /* UKPaintRectTool.tiff */,
				3D1DCC330553CE7500000202 /* UKPaintTextTool.tiff */,
				3D3CB39B05567A1C00000202 /* UKPaintEraseRectTool.tiff */,
				3D3CB39C05567A1C00000202 /* UKPaintEraserTool.tiff */,
				3D5F942F0BA5BBF40037BC78 /* UKPaintLineTool.tiff */,
				3DF9B80C0BA5C1F4001A72D2 /* UKPaintOvalTool.tiff */,
				3DF9B80D0BA5C1F4001A72D2 /* UKPaintRoundrectTool.tiff */,
				3DF9B8100BA5C25C001A72D2 /* UKPaintTempArrowTool.tiff */,
				3DF9B8110BA5C25C001A72D2 /* UKPaintTempLineTool.tiff */,
				3DF9B8120BA5C25C001A72D2 /* UKPaintTempOvalTool.tiff */,
				3DF9B8130BA5C25C001A72D2 /* UKPaintTempRectTool.tiff */,
				3DF9B8140BA5C25C001A72D2 /* UKPaintTempRoundrectTool.tiff */,
				3DD4B8FF0BAB598C0066C1AE /* UKPaintSelectTool.tiff */,
				3D910C990BAF62430039C0AD /* UKPaintPathTool.tiff */,
				3D910D1D0BAF673F0039C0AD /* UKPaintLassoTool.tiff */,
				55039F7E136CA6150082E32E /* UKPaintShapeTool.tiff */,
				55039F80136CC84A0082E32E /* brush01.tiff */,
			);
			name = Resources;
			sourceTree = "<group>";
		};
		29B97323FDCFA39411CA2CEA /* Frameworks */ = {
			isa = PBXGroup;
			children = (
				1058C7A0FEA54F0111CA2CBB /* Linked Frameworks */,
				1058C7A2FEA54F0111CA2CBB /* Other Frameworks */,
			);
			name = Frameworks;
			sourceTree = "<group>";
		};
		3DD1494E0553201D00000202 /* Tools */ = {
			isa = PBXGroup;
			children = (
				3DD1494A05531FF800000202 /* ULIPaintFreehandTool.h */,
				3DD1494B05531FF800000202 /* ULIPaintFreehandTool.m */,
				3DD1495705532B2900000202 /* ULIPaintRectangleTool.h */,
				3DD1495805532B2900000202 /* ULIPaintRectangleTool.m */,
				3DF9B8030BA5C133001A72D2 /* ULIPaintRoundedRectangleTool.h */,
				3DF9B8020BA5C133001A72D2 /* ULIPaintRoundedRectangleTool.m */,
				3DF9B8090BA5C1A9001A72D2 /* ULIPaintOvalTool.h */,
				3DF9B8080BA5C1A9001A72D2 /* ULIPaintOvalTool.m */,
				3D1DCC320553CE7500000202 /* ULIPaintTextTool.h */,
				3D1DCC340553CE7500000202 /* ULIPaintTextTool.m */,
				3D3CB39F05567A6700000202 /* ULIPaintEraseRectTool.h */,
				3D3CB3A205567A6700000202 /* ULIPaintEraseRectTool.m */,
				3D3CB3A105567A6700000202 /* ULIPaintEraserTool.h */,
				3D3CB3A005567A6700000202 /* ULIPaintEraserTool.m */,
				3DA9B23E055A941F00F486B9 /* ULIPaintLineTool.h */,
				3DA9B23F055A941F00F486B9 /* ULIPaintLineTool.m */,
				3DF9B81B0BA5C2BC001A72D2 /* ULIPaintTempRectangleTool.h */,
				3DF9B81C0BA5C2BC001A72D2 /* ULIPaintTempRectangleTool.m */,
				3DF9B81D0BA5C2BC001A72D2 /* ULIPaintTempRoundrectTool.h */,
				3DF9B81A0BA5C2BC001A72D2 /* ULIPaintTempRoundrectTool.m */,
				3DF9B81E0BA5C2BC001A72D2 /* ULIPaintTempOvalTool.h */,
				3DF9B81F0BA5C2BC001A72D2 /* ULIPaintTempOvalTool.m */,
				3DF9B8200BA5C2BC001A72D2 /* ULIPaintTempLineTool.h */,
				3DF9B8210BA5C2BC001A72D2 /* ULIPaintTempLineTool.m */,
				3DF9B8220BA5C2BC001A72D2 /* ULIPaintTempArrowTool.h */,
				3DF9B8230BA5C2BC001A72D2 /* ULIPaintTempArrowTool.m */,
				3DD4B9010BAB599C0066C1AE /* ULIPaintSelectionRectangleTool.h */,
				3DD4B9020BAB599C0066C1AE /* ULIPaintSelectionRectangleTool.m */,
				3D910D1A0BAF67390039C0AD /* ULIPaintSelectionLassoTool.h */,
				3D910D190BAF67390039C0AD /* ULIPaintSelectionLassoTool.m */,
				3D910C960BAF62320039C0AD /* ULIPaintPathTool.h */,
				3D910C950BAF62320039C0AD /* ULIPaintPathTool.m */,
				55039F72136C9ECF0082E32E /* ULIPaintShapeTool.h */,
				55039F73136C9ED30082E32E /* ULIPaintShapeTool.m */,
				55039F76136C9EE30082E32E /* ULIPaintBrushTool.h */,
				55039F77136C9EE70082E32E /* ULIPaintBrushTool.m */,
			);
			name = Tools;
			sourceTree = "<group>";
		};
		3DD4BDF40BAC04630066C1AE /* UliKit */ = {
			isa = PBXGroup;
			children = (
				55039F7A136CA42A0082E32E /* NSBezierPath+ULIRegularPolygon.h */,
				55039F7B136CA42F0082E32E /* NSBezierPath+ULIRegularPolygon.m */,
				3DD4BDB20BAC02FF0066C1AE /* UKFloatingWindow.h */,
				3DD4BDB30BAC02FF0066C1AE /* UKFloatingWindow.m */,
			);
			name = UliKit;
			sourceTree = "<group>";
		};
/* End PBXGroup section */

/* Begin PBXHeadersBuildPhase section */
		3D5F94370BA5BC9F0037BC78 /* Headers */ = {
			isa = PBXHeadersBuildPhase;
			buildActionMask = 2147483647;
			files = (
				3D5F94380BA5BC9F0037BC78 /* ULIPaintView.h in Headers */,
				3D5F94390BA5BC9F0037BC78 /* ULIPaintTool.h in Headers */,
				3D5F943A0BA5BC9F0037BC78 /* ULIPaintFreehandTool.h in Headers */,
				3D5F943B0BA5BC9F0037BC78 /* ULIPaintRectangleTool.h in Headers */,
				3D5F943C0BA5BC9F0037BC78 /* ULIPaintTextTool.h in Headers */,
				3D5F943D0BA5BC9F0037BC78 /* ULIPaintEraseRectTool.h in Headers */,
				3D5F943E0BA5BC9F0037BC78 /* ULIPaintEraserTool.h in Headers */,
				3D5F943F0BA5BC9F0037BC78 /* NSCursor+CrossHair.h in Headers */,
				3D5F94400BA5BC9F0037BC78 /* NSCursor+Box.h in Headers */,
				3D5F94410BA5BC9F0037BC78 /* UlisBresenham.h in Headers */,
				3D5F94420BA5BC9F0037BC78 /* ULILineSizeView.h in Headers */,
				3D5F94430BA5BC9F0037BC78 /* ULIPaintLineTool.h in Headers */,
				3DF9B8050BA5C133001A72D2 /* ULIPaintRoundedRectangleTool.h in Headers */,
				3DF9B80B0BA5C1A9001A72D2 /* ULIPaintOvalTool.h in Headers */,
				3DF9B8250BA5C2BC001A72D2 /* ULIPaintTempRectangleTool.h in Headers */,
				3DF9B8270BA5C2BC001A72D2 /* ULIPaintTempRoundrectTool.h in Headers */,
				3DF9B8280BA5C2BC001A72D2 /* ULIPaintTempOvalTool.h in Headers */,
				3DF9B82A0BA5C2BC001A72D2 /* ULIPaintTempLineTool.h in Headers */,
				3DF9B82C0BA5C2BC001A72D2 /* ULIPaintTempArrowTool.h in Headers */,
				3DF9B8380BA5C4B4001A72D2 /* NSBezierPath+RoundRect.h in Headers */,
				3DD4B9030BAB599C0066C1AE /* ULIPaintSelectionRectangleTool.h in Headers */,
				3DD4BDB40BAC02FF0066C1AE /* UKFloatingWindow.h in Headers */,
				3D910C980BAF62320039C0AD /* ULIPaintPathTool.h in Headers */,
				3D910D1C0BAF67390039C0AD /* ULIPaintSelectionLassoTool.h in Headers */,
				55039F74136C9EDB0082E32E /* ULIPaintShapeTool.h in Headers */,
				55039F78136C9EEB0082E32E /* ULIPaintBrushTool.h in Headers */,
				55039F7C136CA4330082E32E /* NSBezierPath+ULIRegularPolygon.h in Headers */,
			);
			runOnlyForDeploymentPostprocessing = 0;
		};
/* End PBXHeadersBuildPhase section */

/* Begin PBXNativeTarget section */
		3D5F94360BA5BC9F0037BC78 /* UKPaintView */ = {
			isa = PBXNativeTarget;
			buildConfigurationList = 3D5F945D0BA5BC9F0037BC78 /* Build configuration list for PBXNativeTarget "UKPaintView" */;
			buildPhases = (
				3D5F94370BA5BC9F0037BC78 /* Headers */,
				3D5F94440BA5BC9F0037BC78 /* Resources */,
				3D5F944D0BA5BC9F0037BC78 /* Sources */,
				3D5F945B0BA5BC9F0037BC78 /* Frameworks */,
			);
			buildRules = (
			);
			dependencies = (
			);
			name = UKPaintView;
			productInstallPath = "$(HOME)/Applications";
			productName = UKPaintView;
			productReference = 3D5F94620BA5BC9F0037BC78 /* UKPaintView.app */;
			productType = "com.apple.product-type.application";
		};
/* End PBXNativeTarget section */

/* Begin PBXProject section */
		29B97313FDCFA39411CA2CEA /* Project object */ = {
			isa = PBXProject;
			buildConfigurationList = 3D5F94290BA5BBE70037BC78 /* Build configuration list for PBXProject "UKPaintView" */;
			compatibilityVersion = "Xcode 2.4";
			developmentRegion = English;
			hasScannedForEncodings = 1;
			knownRegions = (
				en,
			);
			mainGroup = 29B97314FDCFA39411CA2CEA /* UKPaintView */;
			projectDirPath = "";
			projectRoot = "";
			targets = (
				3D5F94360BA5BC9F0037BC78 /* UKPaintView */,
			);
		};
/* End PBXProject section */

/* Begin PBXResourcesBuildPhase section */
		3D5F94440BA5BC9F0037BC78 /* Resources */ = {
			isa = PBXResourcesBuildPhase;
			buildActionMask = 2147483647;
			files = (
				3D5F94450BA5BC9F0037BC78 /* MainMenu.nib in Resources */,
				3D5F94460BA5BC9F0037BC78 /* InfoPlist.strings in Resources */,
				3D5F94470BA5BC9F0037BC78 /* UKPaintbrushTool.tiff in Resources */,
				3D5F94480BA5BC9F0037BC78 /* UKPaintRectTool.tiff in Resources */,
				3D5F94490BA5BC9F0037BC78 /* UKPaintTextTool.tiff in Resources */,
				3D5F944A0BA5BC9F0037BC78 /* UKPaintEraseRectTool.tiff in Resources */,
				3D5F944B0BA5BC9F0037BC78 /* UKPaintEraserTool.tiff in Resources */,
				3D5F944C0BA5BC9F0037BC78 /* UKPaintLineTool.tiff in Resources */,
				3DF9B80E0BA5C1F4001A72D2 /* UKPaintOvalTool.tiff in Resources */,
				3DF9B80F0BA5C1F4001A72D2 /* UKPaintRoundrectTool.tiff in Resources */,
				3DF9B8150BA5C25C001A72D2 /* UKPaintTempArrowTool.tiff in Resources */,
				3DF9B8160BA5C25C001A72D2 /* UKPaintTempLineTool.tiff in Resources */,
				3DF9B8170BA5C25C001A72D2 /* UKPaintTempOvalTool.tiff in Resources */,
				3DF9B8180BA5C25C001A72D2 /* UKPaintTempRectTool.tiff in Resources */,
				3DF9B8190BA5C25C001A72D2 /* UKPaintTempRoundrectTool.tiff in Resources */,
				3DD4B9000BAB598C0066C1AE /* UKPaintSelectTool.tiff in Resources */,
				3D910C9A0BAF62430039C0AD /* UKPaintPathTool.tiff in Resources */,
				3D910D1E0BAF673F0039C0AD /* UKPaintLassoTool.tiff in Resources */,
				3D910DBC0BAF70F70039C0AD /* TODO.txt in Resources */,
				55039F7F136CA6150082E32E /* UKPaintShapeTool.tiff in Resources */,
				55039F81136CC84B0082E32E /* brush01.tiff in Resources */,
			);
			runOnlyForDeploymentPostprocessing = 0;
		};
/* End PBXResourcesBuildPhase section */

/* Begin PBXSourcesBuildPhase section */
		3D5F944D0BA5BC9F0037BC78 /* Sources */ = {
			isa = PBXSourcesBuildPhase;
			buildActionMask = 2147483647;
			files = (
				3D5F944E0BA5BC9F0037BC78 /* main.m in Sources */,
				3D5F944F0BA5BC9F0037BC78 /* ULIPaintView.m in Sources */,
				3D5F94500BA5BC9F0037BC78 /* ULIPaintTool.m in Sources */,
				3D5F94510BA5BC9F0037BC78 /* ULIPaintFreehandTool.m in Sources */,
				3D5F94520BA5BC9F0037BC78 /* ULIPaintRectangleTool.m in Sources */,
				3D5F94530BA5BC9F0037BC78 /* ULIPaintTextTool.m in Sources */,
				3D5F94540BA5BC9F0037BC78 /* ULIPaintEraserTool.m in Sources */,
				3D5F94550BA5BC9F0037BC78 /* ULIPaintEraseRectTool.m in Sources */,
				3D5F94560BA5BC9F0037BC78 /* NSCursor+CrossHair.m in Sources */,
				3D5F94570BA5BC9F0037BC78 /* NSCursor+Box.m in Sources */,
				3D5F94580BA5BC9F0037BC78 /* UlisBresenham.c in Sources */,
				3D5F94590BA5BC9F0037BC78 /* ULILineSizeView.m in Sources */,
				3D5F945A0BA5BC9F0037BC78 /* ULIPaintLineTool.m in Sources */,
				3DF9B8040BA5C133001A72D2 /* ULIPaintRoundedRectangleTool.m in Sources */,
				3DF9B80A0BA5C1A9001A72D2 /* ULIPaintOvalTool.m in Sources */,
				3DF9B8240BA5C2BC001A72D2 /* ULIPaintTempRoundrectTool.m in Sources */,
				3DF9B8260BA5C2BC001A72D2 /* ULIPaintTempRectangleTool.m in Sources */,
				3DF9B8290BA5C2BC001A72D2 /* ULIPaintTempOvalTool.m in Sources */,
				3DF9B82B0BA5C2BC001A72D2 /* ULIPaintTempLineTool.m in Sources */,
				3DF9B82D0BA5C2BC001A72D2 /* ULIPaintTempArrowTool.m in Sources */,
				3DF9B8390BA5C4B4001A72D2 /* NSBezierPath+RoundRect.m in Sources */,
				3DD4B9040BAB599C0066C1AE /* ULIPaintSelectionRectangleTool.m in Sources */,
				3DD4BDB50BAC02FF0066C1AE /* UKFloatingWindow.m in Sources */,
				3D910C970BAF62320039C0AD /* ULIPaintPathTool.m in Sources */,
				3D910D1B0BAF67390039C0AD /* ULIPaintSelectionLassoTool.m in Sources */,
				55039F75136C9EDB0082E32E /* ULIPaintShapeTool.m in Sources */,
				55039F79136C9EEB0082E32E /* ULIPaintBrushTool.m in Sources */,
				55039F7D136CA4330082E32E /* NSBezierPath+ULIRegularPolygon.m in Sources */,
			);
			runOnlyForDeploymentPostprocessing = 0;
		};
/* End PBXSourcesBuildPhase section */

/* Begin PBXVariantGroup section */
		089C165CFE840E0CC02AAC07 /* InfoPlist.strings */ = {
			isa = PBXVariantGroup;
			children = (
				089C165DFE840E0CC02AAC07 /* English */,
			);
			name = InfoPlist.strings;
			sourceTree = "<group>";
		};
		29B97318FDCFA39411CA2CEA /* MainMenu.nib */ = {
			isa = PBXVariantGroup;
			children = (
				29B97319FDCFA39411CA2CEA /* English */,
			);
			name = MainMenu.nib;
			sourceTree = "<group>";
		};
/* End PBXVariantGroup section */

/* Begin XCBuildConfiguration section */
		3D5F942A0BA5BBE70037BC78 /* Development */ = {
			isa = XCBuildConfiguration;
			buildSettings = {
			};
			name = Development;
		};
		3D5F942B0BA5BBE70037BC78 /* Deployment */ = {
			isa = XCBuildConfiguration;
			buildSettings = {
			};
			name = Deployment;
		};
		3D5F942C0BA5BBE70037BC78 /* Default */ = {
			isa = XCBuildConfiguration;
			buildSettings = {
			};
			name = Default;
		};
		3D5F945E0BA5BC9F0037BC78 /* Development */ = {
			isa = XCBuildConfiguration;
			buildSettings = {
				COPY_PHASE_STRIP = NO;
				FRAMEWORK_SEARCH_PATHS = "";
				GCC_DYNAMIC_NO_PIC = NO;
				GCC_ENABLE_FIX_AND_CONTINUE = YES;
				GCC_GENERATE_DEBUGGING_SYMBOLS = YES;
				GCC_OPTIMIZATION_LEVEL = 0;
				GCC_PRECOMPILE_PREFIX_HEADER = YES;
				GCC_PREFIX_HEADER = UKPaintView_Prefix.h;
				GCC_VERSION = com.apple.compilers.llvm.clang.1_0;
				HEADER_SEARCH_PATHS = "";
				INFOPLIST_FILE = "Info-UKPaintView.plist";
				INSTALL_PATH = "$(HOME)/Applications";
				LIBRARY_SEARCH_PATHS = "";
				OTHER_CFLAGS = "";
				OTHER_LDFLAGS = "";
				PRODUCT_NAME = UKPaintView;
				SECTORDER_FLAGS = "";
				WARNING_CFLAGS = (
					"-Wmost",
					"-Wno-four-char-constants",
					"-Wno-unknown-pragmas",
				);
				WRAPPER_EXTENSION = app;
				ZERO_LINK = YES;
			};
			name = Development;
		};
		3D5F945F0BA5BC9F0037BC78 /* Deployment */ = {
			isa = XCBuildConfiguration;
			buildSettings = {
				COPY_PHASE_STRIP = YES;
				FRAMEWORK_SEARCH_PATHS = "";
				GCC_ENABLE_FIX_AND_CONTINUE = NO;
				GCC_PRECOMPILE_PREFIX_HEADER = YES;
				GCC_PREFIX_HEADER = UKPaintView_Prefix.h;
				GCC_VERSION = com.apple.compilers.llvm.clang.1_0;
				HEADER_SEARCH_PATHS = "";
				INFOPLIST_FILE = "Info-UKPaintView.plist";
				INSTALL_PATH = "$(HOME)/Applications";
				LIBRARY_SEARCH_PATHS = "";
				OTHER_CFLAGS = "";
				OTHER_LDFLAGS = "";
				PRODUCT_NAME = UKPaintView;
				SECTORDER_FLAGS = "";
				WARNING_CFLAGS = (
					"-Wmost",
					"-Wno-four-char-constants",
					"-Wno-unknown-pragmas",
				);
				WRAPPER_EXTENSION = app;
				ZERO_LINK = NO;
			};
			name = Deployment;
		};
		3D5F94600BA5BC9F0037BC78 /* Default */ = {
			isa = XCBuildConfiguration;
			buildSettings = {
				FRAMEWORK_SEARCH_PATHS = "";
				GCC_PRECOMPILE_PREFIX_HEADER = YES;
				GCC_PREFIX_HEADER = UKPaintView_Prefix.h;
				GCC_VERSION = com.apple.compilers.llvm.clang.1_0;
				HEADER_SEARCH_PATHS = "";
				INFOPLIST_FILE = "Info-UKPaintView.plist";
				INSTALL_PATH = "$(HOME)/Applications";
				LIBRARY_SEARCH_PATHS = "";
				OTHER_CFLAGS = "";
				OTHER_LDFLAGS = "";
				PRODUCT_NAME = UKPaintView;
				SECTORDER_FLAGS = "";
				WARNING_CFLAGS = (
					"-Wmost",
					"-Wno-four-char-constants",
					"-Wno-unknown-pragmas",
				);
				WRAPPER_EXTENSION = app;
			};
			name = Default;
		};
/* End XCBuildConfiguration section */

/* Begin XCConfigurationList section */
		3D5F94290BA5BBE70037BC78 /* Build configuration list for PBXProject "UKPaintView" */ = {
			isa = XCConfigurationList;
			buildConfigurations = (
				3D5F942A0BA5BBE70037BC78 /* Development */,
				3D5F942B0BA5BBE70037BC78 /* Deployment */,
				3D5F942C0BA5BBE70037BC78 /* Default */,
			);
			defaultConfigurationIsVisible = 0;
			defaultConfigurationName = Default;
		};
		3D5F945D0BA5BC9F0037BC78 /* Build configuration list for PBXNativeTarget "UKPaintView" */ = {
			isa = XCConfigurationList;
			buildConfigurations = (
				3D5F945E0BA5BC9F0037BC78 /* Development */,
				3D5F945F0BA5BC9F0037BC78 /* Deployment */,
				3D5F94600BA5BC9F0037BC78 /* Default */,
			);
			defaultConfigurationIsVisible = 0;
			defaultConfigurationName = Default;
		};
/* End XCConfigurationList section */
	};
	rootObject = 29B97313FDCFA39411CA2CEA /* Project object */;
}
